# This file is automatically @generated by Cargo.
# It is not intended for manual editing.
version = 4

[[package]]
name = "kindling"
version = "0.0.1"

[[package]]
name = "kindling-cli"
version = "0.0.1"

[[package]]
name = "kindling-client"
version = "0.0.1"

[[package]]
name = "kindling-filter"
version = "0.0.1"

[[package]]
name = "kindling-hook"
version = "0.0.1"

[[package]]
name = "kindling-provider"
version = "0.0.1"

[[package]]
name = "kindling-server"
version = "0.0.1"

[[package]]
name = "kindling-service"
version = "0.0.1"

[[package]]
name = "kindling-store"
version = "0.0.1"

[[package]]
name = "kindling-types"
version = "0.0.1"
